{
  "name": "solarium-carousel",
  "version": "2.0.0",
  "lockfileVersion": 3,
  "requires": true,
  "packages": {
    "": {
      "name": "solarium-carousel",
      "version": "2.0.0",
      "dependencies": {
        "tslib": "^2.3.0"
      },
      "peerDependencies": {
        "@angular/animations": "^18.2.3",
        "@angular/common": "^18.2.3",
        "@angular/compiler": "^18.2.3",
        "@angular/core": "^18.2.3",
        "@angular/router": "^18.2.3",
        "rxjs": "~7.5.0",
        "zone.js": "~0.14.10"
      }
    },
    "node_modules/@angular/animations": {
      "version": "18.2.3",
      "resolved": "https://registry.npmjs.org/@angular/animations/-/animations-18.2.3.tgz",
      "integrity": "sha512-rIATopHr83lYR0X05buHeHssq9CGw0I0YPIQcpUTGnlqIpJcQVCf7jCFn4KGZrE9V55hFY3MD4S28njlwCToQQ==",
      "peer": true,
      "dependencies": {
        "tslib": "^2.3.0"
      },
      "engines": {
        "node": "^18.19.1 || ^20.11.1 || >=22.0.0"
      },
      "peerDependencies": {
        "@angular/core": "18.2.3"
      }
    },
    "node_modules/@angular/common": {
      "version": "18.2.3",
      "resolved": "https://registry.npmjs.org/@angular/common/-/common-18.2.3.tgz",
      "integrity": "sha512-NFL4yXXImSCH7i1xnHykUjHa9vl9827fGiwSV2mnf7LjSUsyDzFD8/54dNuYN9OY8AUD+PnK0YdNro6cczVyIA==",
      "peer": true,
      "dependencies": {
        "tslib": "^2.3.0"
      },
      "engines": {
        "node": "^18.19.1 || ^20.11.1 || >=22.0.0"
      },
      "peerDependencies": {
        "@angular/core": "18.2.3",
        "rxjs": "^6.5.3 || ^7.4.0"
      }
    },
    "node_modules/@angular/compiler": {
      "version": "18.2.3",
      "resolved": "https://registry.npmjs.org/@angular/compiler/-/compiler-18.2.3.tgz",
      "integrity": "sha512-Il3ljs0j1GaYoqYFdShjUP1ryck5xTOaA8uQuRgqwU0FOwEDfugSAM3Qf7nJx/sgxTM0Lm/Nrdv2u6i1gZWeuQ==",
      "peer": true,
      "dependencies": {
        "tslib": "^2.3.0"
      },
      "engines": {
        "node": "^18.19.1 || ^20.11.1 || >=22.0.0"
      },
      "peerDependencies": {
        "@angular/core": "18.2.3"
      },
      "peerDependenciesMeta": {
        "@angular/core": {
          "optional": true
        }
      }
    },
    "node_modules/@angular/core": {
      "version": "18.2.3",
      "resolved": "https://registry.npmjs.org/@angular/core/-/core-18.2.3.tgz",
      "integrity": "sha512-VGhMJxj7d0rYpqVfQrcGRB7EE/BCziotft/I/YPl6bOMPSAvMukG7DXQuJdYpNrr62ks78mlzHlZX/cdmB9Prw==",
      "peer": true,
      "dependencies": {
        "tslib": "^2.3.0"
      },
      "engines": {
        "node": "^18.19.1 || ^20.11.1 || >=22.0.0"
      },
      "peerDependencies": {
        "rxjs": "^6.5.3 || ^7.4.0",
        "zone.js": "~0.14.10"
      }
    },
    "node_modules/@angular/platform-browser": {
      "version": "18.2.3",
      "resolved": "https://registry.npmjs.org/@angular/platform-browser/-/platform-browser-18.2.3.tgz",
      "integrity": "sha512-M2ob4zN7tAcL2mx7U6KnZNqNFPFl9MlPBE0FrjQjIzAjU0wSYPIJXmaPu9aMUp9niyo+He5iX98I+URi2Yc99g==",
      "peer": true,
      "dependencies": {
        "tslib": "^2.3.0"
      },
      "engines": {
        "node": "^18.19.1 || ^20.11.1 || >=22.0.0"
      },
      "peerDependencies": {
        "@angular/animations": "18.2.3",
        "@angular/common": "18.2.3",
        "@angular/core": "18.2.3"
      },
      "peerDependenciesMeta": {
        "@angular/animations": {
          "optional": true
        }
      }
    },
    "node_modules/@angular/router": {
      "version": "18.2.3",
      "resolved": "https://registry.npmjs.org/@angular/router/-/router-18.2.3.tgz",
      "integrity": "sha512-fvD9eSDIiIbeYoUokoWkXzu7/ZaxlzKPUHFqX1JuKuH5ciQDeT/d7lp4mj31Bxammhohzi3+z12THJYsCkj/iQ==",
      "peer": true,
      "dependencies": {
        "tslib": "^2.3.0"
      },
      "engines": {
        "node": "^18.19.1 || ^20.11.1 || >=22.0.0"
      },
      "peerDependencies": {
        "@angular/common": "18.2.3",
        "@angular/core": "18.2.3",
        "@angular/platform-browser": "18.2.3",
        "rxjs": "^6.5.3 || ^7.4.0"
      }
    },
    "node_modules/rxjs": {
      "version": "7.5.7",
      "resolved": "https://registry.npmjs.org/rxjs/-/rxjs-7.5.7.tgz",
      "integrity": "sha512-z9MzKh/UcOqB3i20H6rtrlaE/CgjLOvheWK/9ILrbhROGTweAi1BaFsTT9FbwZi5Trr1qNRs+MXkhmR06awzQA==",
      "peer": true,
      "dependencies": {
        "tslib": "^2.1.0"
      }
    },
    "node_modules/tslib": {
      "version": "2.7.0",
      "resolved": "https://registry.npmjs.org/tslib/-/tslib-2.7.0.tgz",
      "integrity": "sha512-gLXCKdN1/j47AiHiOkJN69hJmcbGTHI0ImLmbYLHykhgeN0jVGola9yVjFgzCUklsZQMW55o+dW7IXv3RCXDzA=="
    },
    "node_modules/zone.js": {
      "version": "0.14.10",
      "resolved": "https://registry.npmjs.org/zone.js/-/zone.js-0.14.10.tgz",
      "integrity": "sha512-YGAhaO7J5ywOXW6InXNlLmfU194F8lVgu7bRntUF3TiG8Y3nBK0x1UJJuHUP/e8IyihkjCYqhCScpSwnlaSRkQ==",
      "peer": true
    }
  }
}
